
Microsoft Visual Studio Solution File, Format Version 12.00
# Visual Studio Version 17
VisualStudioVersion = 17.9.34723.18
MinimumVisualStudioVersion = 10.0.40219.1
Project("{9A19103F-16F7-4668-BE54-9A1E7A4F7556}") = "AspNetCorePublisher", "AspNetCorePublisher\AspNetCorePublisher.csproj", "{84045160-0E64-4716-87B4-B8EED14DCFBF}"
EndProject
Project("{FAE04EC0-301F-11D3-BF4B-00C04F79EFBC}") = "ConsoleAppConsumer", "ConsoleAppConsumer\ConsoleAppConsumer.csproj", "{262E08EC-C470-4BF6-ACFF-C92D1866E23C}"
EndProject
Project("{FAE04EC0-301F-11D3-BF4B-00C04F79EFBC}") = "Share", "Share\Share.csproj", "{AF6353A0-C9F9-43F6-81BC-0E85A63643FE}"
EndProject
Global
	GlobalSection(SolutionConfigurationPlatforms) = preSolution
		Debug|Any CPU = Debug|Any CPU
		Release|Any CPU = Release|Any CPU
	EndGlobalSection
	GlobalSection(ProjectConfigurationPlatforms) = postSolution
		{84045160-0E64-4716-87B4-B8EED14DCFBF}.Debug|Any CPU.ActiveCfg = Debug|Any CPU
		{84045160-0E64-4716-87B4-B8EED14DCFBF}.Debug|Any CPU.Build.0 = Debug|Any CPU
		{84045160-0E64-4716-87B4-B8EED14DCFBF}.Release|Any CPU.ActiveCfg = Release|Any CPU
		{84045160-0E64-4716-87B4-B8EED14DCFBF}.Release|Any CPU.Build.0 = Release|Any CPU
		{262E08EC-C470-4BF6-ACFF-C92D1866E23C}.Debug|Any CPU.ActiveCfg = Debug|Any CPU
		{262E08EC-C470-4BF6-ACFF-C92D1866E23C}.Debug|Any CPU.Build.0 = Debug|Any CPU
		{262E08EC-C470-4BF6-ACFF-C92D1866E23C}.Release|Any CPU.ActiveCfg = Release|Any CPU
		{262E08EC-C470-4BF6-ACFF-C92D1866E23C}.Release|Any CPU.Build.0 = Release|Any CPU
		{AF6353A0-C9F9-43F6-81BC-0E85A63643FE}.Debug|Any CPU.ActiveCfg = Debug|Any CPU
		{AF6353A0-C9F9-43F6-81BC-0E85A63643FE}.Debug|Any CPU.Build.0 = Debug|Any CPU
		{AF6353A0-C9F9-43F6-81BC-0E85A63643FE}.Release|Any CPU.ActiveCfg = Release|Any CPU
		{AF6353A0-C9F9-43F6-81BC-0E85A63643FE}.Release|Any CPU.Build.0 = Release|Any CPU
	EndGlobalSection
	GlobalSection(SolutionProperties) = preSolution
		HideSolutionNode = FALSE
	EndGlobalSection
	GlobalSection(ExtensibilityGlobals) = postSolution
		SolutionGuid = {4428BE8C-0CAF-4C1B-A7C3-FEFA91CA418D}
	EndGlobalSection
EndGlobal
